
Microsoft Visual Studio Solution File, Format Version 12.00
# Visual Studio Version 17
VisualStudioVersion = 17.4.33213.308
MinimumVisualStudioVersion = 10.0.40219.1
Project("{9A19103F-16F7-4668-BE54-9A1E7A4F7556}") = "EletroExpo", "EletroExpo.csproj", "{4F65D559-4B40-4483-B128-FD54E66E1552}"
EndProject
Global
	GlobalSection(SolutionConfigurationPlatforms) = preSolution
		Debug|Any CPU = Debug|Any CPU
		Release|Any CPU = Release|Any CPU
	EndGlobalSection
	GlobalSection(ProjectConfigurationPlatforms) = postSolution
		{4F65D559-4B40-4483-B128-FD54E66E1552}.Debug|Any CPU.ActiveCfg = Debug|Any CPU
		{4F65D559-4B40-4483-B128-FD54E66E1552}.Debug|Any CPU.Build.0 = Debug|Any CPU
		{4F65D559-4B40-4483-B128-FD54E66E1552}.Release|Any CPU.ActiveCfg = Release|Any CPU
		{4F65D559-4B40-4483-B128-FD54E66E1552}.Release|Any CPU.Build.0 = Release|Any CPU
	EndGlobalSection
	GlobalSection(SolutionProperties) = preSolution
		HideSolutionNode = FALSE
	EndGlobalSection
	GlobalSection(ExtensibilityGlobals) = postSolution
		SolutionGuid = {CCF72168-E277-485B-87E6-A4C67EB9B263}
	EndGlobalSection
EndGlobal
